
Microsoft Visual Studio Solution File, Format Version 12.00
# Visual Studio Version 17
VisualStudioVersion = 17.0.31903.59
MinimumVisualStudioVersion = 10.0.40219.1
Project("{2150E333-8FDC-42A3-9474-1A3956D46DE8}") = "src", "src", "{827E0CD3-B72D-47B6-A68D-7590B98EB39B}"
EndProject
Project("{FAE04EC0-301F-11D3-BF4B-00C04F79EFBC}") = "Cookbook.Domain", "src\Cookbook.Domain\Cookbook.Domain.csproj", "{16F6EFF1-F06C-4A03-BEB9-918753E6BA72}"
EndProject
Project("{2150E333-8FDC-42A3-9474-1A3956D46DE8}") = "tests", "tests", "{0AB3BF05-4346-4AA6-1389-037BE0695223}"
EndProject
Project("{FAE04EC0-301F-11D3-BF4B-00C04F79EFBC}") = "Cookbook.Domain.Tests", "tests\Cookbook.Domain.Tests\Cookbook.Domain.Tests.csproj", "{597CC454-F68F-4BBA-99D7-D74C0E9C0897}"
EndProject
Project("{FAE04EC0-301F-11D3-BF4B-00C04F79EFBC}") = "Cookbook.Application", "src\Cookbook.Application\Cookbook.Application.csproj", "{4F5333C5-9FC8-44DA-BDD2-087095F952D7}"
EndProject
Project("{FAE04EC0-301F-11D3-BF4B-00C04F79EFBC}") = "Cookbook.Application.Tests", "tests\Cookbook.Application.Tests\Cookbook.Application.Tests.csproj", "{8179667B-35C6-4625-BA15-15110E1347E3}"
EndProject
Project("{FAE04EC0-301F-11D3-BF4B-00C04F79EFBC}") = "Cookbook.Infrastructure", "src\Cookbook.Infrastructure\Cookbook.Infrastructure.csproj", "{888F0CBD-5580-47D3-BBD7-4982DCBD7B42}"
EndProject
Project("{FAE04EC0-301F-11D3-BF4B-00C04F79EFBC}") = "Cookbook.Api", "src\Cookbook.Api\Cookbook.Api.csproj", "{4F42DDEA-6DBF-4206-B457-922787594864}"
EndProject
Project("{FAE04EC0-301F-11D3-BF4B-00C04F79EFBC}") = "Cookbook.Api.Tests", "tests\Cookbook.Api.Tests\Cookbook.Api.Tests.csproj", "{0AC44EE0-4AD0-4B1A-93B7-02DBFE77E95C}"
EndProject
Global
	GlobalSection(SolutionConfigurationPlatforms) = preSolution
		Debug|Any CPU = Debug|Any CPU
		Debug|x64 = Debug|x64
		Debug|x86 = Debug|x86
		Release|Any CPU = Release|Any CPU
		Release|x64 = Release|x64
		Release|x86 = Release|x86
	EndGlobalSection
	GlobalSection(ProjectConfigurationPlatforms) = postSolution
		{16F6EFF1-F06C-4A03-BEB9-918753E6BA72}.Debug|Any CPU.ActiveCfg = Debug|Any CPU
		{16F6EFF1-F06C-4A03-BEB9-918753E6BA72}.Debug|Any CPU.Build.0 = Debug|Any CPU
		{16F6EFF1-F06C-4A03-BEB9-918753E6BA72}.Debug|x64.ActiveCfg = Debug|Any CPU
		{16F6EFF1-F06C-4A03-BEB9-918753E6BA72}.Debug|x64.Build.0 = Debug|Any CPU
		{16F6EFF1-F06C-4A03-BEB9-918753E6BA72}.Debug|x86.ActiveCfg = Debug|Any CPU
		{16F6EFF1-F06C-4A03-BEB9-918753E6BA72}.Debug|x86.Build.0 = Debug|Any CPU
		{16F6EFF1-F06C-4A03-BEB9-918753E6BA72}.Release|Any CPU.ActiveCfg = Release|Any CPU
		{16F6EFF1-F06C-4A03-BEB9-918753E6BA72}.Release|Any CPU.Build.0 = Release|Any CPU
		{16F6EFF1-F06C-4A03-BEB9-918753E6BA72}.Release|x64.ActiveCfg = Release|Any CPU
		{16F6EFF1-F06C-4A03-BEB9-918753E6BA72}.Release|x64.Build.0 = Release|Any CPU
		{16F6EFF1-F06C-4A03-BEB9-918753E6BA72}.Release|x86.ActiveCfg = Release|Any CPU
		{16F6EFF1-F06C-4A03-BEB9-918753E6BA72}.Release|x86.Build.0 = Release|Any CPU
		{597CC454-F68F-4BBA-99D7-D74C0E9C0897}.Debug|Any CPU.ActiveCfg = Debug|Any CPU
		{597CC454-F68F-4BBA-99D7-D74C0E9C0897}.Debug|Any CPU.Build.0 = Debug|Any CPU
		{597CC454-F68F-4BBA-99D7-D74C0E9C0897}.Debug|x64.ActiveCfg = Debug|Any CPU
		{597CC454-F68F-4BBA-99D7-D74C0E9C0897}.Debug|x64.Build.0 = Debug|Any CPU
		{597CC454-F68F-4BBA-99D7-D74C0E9C0897}.Debug|x86.ActiveCfg = Debug|Any CPU
		{597CC454-F68F-4BBA-99D7-D74C0E9C0897}.Debug|x86.Build.0 = Debug|Any CPU
		{597CC454-F68F-4BBA-99D7-D74C0E9C0897}.Release|Any CPU.ActiveCfg = Release|Any CPU
		{597CC454-F68F-4BBA-99D7-D74C0E9C0897}.Release|Any CPU.Build.0 = Release|Any CPU
		{597CC454-F68F-4BBA-99D7-D74C0E9C0897}.Release|x64.ActiveCfg = Release|Any CPU
		{597CC454-F68F-4BBA-99D7-D74C0E9C0897}.Release|x64.Build.0 = Release|Any CPU
		{597CC454-F68F-4BBA-99D7-D74C0E9C0897}.Release|x86.ActiveCfg = Release|Any CPU
		{597CC454-F68F-4BBA-99D7-D74C0E9C0897}.Release|x86.Build.0 = Release|Any CPU
		{4F5333C5-9FC8-44DA-BDD2-087095F952D7}.Debug|Any CPU.ActiveCfg = Debug|Any CPU
		{4F5333C5-9FC8-44DA-BDD2-087095F952D7}.Debug|Any CPU.Build.0 = Debug|Any CPU
		{4F5333C5-9FC8-44DA-BDD2-087095F952D7}.Debug|x64.ActiveCfg = Debug|Any CPU
		{4F5333C5-9FC8-44DA-BDD2-087095F952D7}.Debug|x64.Build.0 = Debug|Any CPU
		{4F5333C5-9FC8-44DA-BDD2-087095F952D7}.Debug|x86.ActiveCfg = Debug|Any CPU
		{4F5333C5-9FC8-44DA-BDD2-087095F952D7}.Debug|x86.Build.0 = Debug|Any CPU
		{4F5333C5-9FC8-44DA-BDD2-087095F952D7}.Release|Any CPU.ActiveCfg = Release|Any CPU
		{4F5333C5-9FC8-44DA-BDD2-087095F952D7}.Release|Any CPU.Build.0 = Release|Any CPU
		{4F5333C5-9FC8-44DA-BDD2-087095F952D7}.Release|x64.ActiveCfg = Release|Any CPU
		{4F5333C5-9FC8-44DA-BDD2-087095F952D7}.Release|x64.Build.0 = Release|Any CPU
		{4F5333C5-9FC8-44DA-BDD2-087095F952D7}.Release|x86.ActiveCfg = Release|Any CPU
		{4F5333C5-9FC8-44DA-BDD2-087095F952D7}.Release|x86.Build.0 = Release|Any CPU
		{8179667B-35C6-4625-BA15-15110E1347E3}.Debug|Any CPU.ActiveCfg = Debug|Any CPU
		{8179667B-35C6-4625-BA15-15110E1347E3}.Debug|Any CPU.Build.0 = Debug|Any CPU
		{8179667B-35C6-4625-BA15-15110E1347E3}.Debug|x64.ActiveCfg = Debug|Any CPU
		{8179667B-35C6-4625-BA15-15110E1347E3}.Debug|x64.Build.0 = Debug|Any CPU
		{8179667B-35C6-4625-BA15-15110E1347E3}.Debug|x86.ActiveCfg = Debug|Any CPU
		{8179667B-35C6-4625-BA15-15110E1347E3}.Debug|x86.Build.0 = Debug|Any CPU
		{8179667B-35C6-4625-BA15-15110E1347E3}.Release|Any CPU.ActiveCfg = Release|Any CPU
		{8179667B-35C6-4625-BA15-15110E1347E3}.Release|Any CPU.Build.0 = Release|Any CPU
		{8179667B-35C6-4625-BA15-15110E1347E3}.Release|x64.ActiveCfg = Release|Any CPU
		{8179667B-35C6-4625-BA15-15110E1347E3}.Release|x64.Build.0 = Release|Any CPU
		{8179667B-35C6-4625-BA15-15110E1347E3}.Release|x86.ActiveCfg = Release|Any CPU
		{8179667B-35C6-4625-BA15-15110E1347E3}.Release|x86.Build.0 = Release|Any CPU
		{888F0CBD-5580-47D3-BBD7-4982DCBD7B42}.Debug|Any CPU.ActiveCfg = Debug|Any CPU
		{888F0CBD-5580-47D3-BBD7-4982DCBD7B42}.Debug|Any CPU.Build.0 = Debug|Any CPU
		{888F0CBD-5580-47D3-BBD7-4982DCBD7B42}.Debug|x64.ActiveCfg = Debug|Any CPU
		{888F0CBD-5580-47D3-BBD7-4982DCBD7B42}.Debug|x64.Build.0 = Debug|Any CPU
		{888F0CBD-5580-47D3-BBD7-4982DCBD7B42}.Debug|x86.ActiveCfg = Debug|Any CPU
		{888F0CBD-5580-47D3-BBD7-4982DCBD7B42}.Debug|x86.Build.0 = Debug|Any CPU
		{888F0CBD-5580-47D3-BBD7-4982DCBD7B42}.Release|Any CPU.ActiveCfg = Release|Any CPU
		{888F0CBD-5580-47D3-BBD7-4982DCBD7B42}.Release|Any CPU.Build.0 = Release|Any CPU
		{888F0CBD-5580-47D3-BBD7-4982DCBD7B42}.Release|x64.ActiveCfg = Release|Any CPU
		{888F0CBD-5580-47D3-BBD7-4982DCBD7B42}.Release|x64.Build.0 = Release|Any CPU
		{888F0CBD-5580-47D3-BBD7-4982DCBD7B42}.Release|x86.ActiveCfg = Release|Any CPU
		{888F0CBD-5580-47D3-BBD7-4982DCBD7B42}.Release|x86.Build.0 = Release|Any CPU
		{4F42DDEA-6DBF-4206-B457-922787594864}.Debug|Any CPU.ActiveCfg = Debug|Any CPU
		{4F42DDEA-6DBF-4206-B457-922787594864}.Debug|Any CPU.Build.0 = Debug|Any CPU
		{4F42DDEA-6DBF-4206-B457-922787594864}.Debug|x64.ActiveCfg = Debug|Any CPU
		{4F42DDEA-6DBF-4206-B457-922787594864}.Debug|x64.Build.0 = Debug|Any CPU
		{4F42DDEA-6DBF-4206-B457-922787594864}.Debug|x86.ActiveCfg = Debug|Any CPU
		{4F42DDEA-6DBF-4206-B457-922787594864}.Debug|x86.Build.0 = Debug|Any CPU
		{4F42DDEA-6DBF-4206-B457-922787594864}.Release|Any CPU.ActiveCfg = Release|Any CPU
		{4F42DDEA-6DBF-4206-B457-922787594864}.Release|Any CPU.Build.0 = Release|Any CPU
		{4F42DDEA-6DBF-4206-B457-922787594864}.Release|x64.ActiveCfg = Release|Any CPU
		{4F42DDEA-6DBF-4206-B457-922787594864}.Release|x64.Build.0 = Release|Any CPU
		{4F42DDEA-6DBF-4206-B457-922787594864}.Release|x86.ActiveCfg = Release|Any CPU
		{4F42DDEA-6DBF-4206-B457-922787594864}.Release|x86.Build.0 = Release|Any CPU
		{0AC44EE0-4AD0-4B1A-93B7-02DBFE77E95C}.Debug|Any CPU.ActiveCfg = Debug|Any CPU
		{0AC44EE0-4AD0-4B1A-93B7-02DBFE77E95C}.Debug|Any CPU.Build.0 = Debug|Any CPU
		{0AC44EE0-4AD0-4B1A-93B7-02DBFE77E95C}.Debug|x64.ActiveCfg = Debug|Any CPU
		{0AC44EE0-4AD0-4B1A-93B7-02DBFE77E95C}.Debug|x64.Build.0 = Debug|Any CPU
		{0AC44EE0-4AD0-4B1A-93B7-02DBFE77E95C}.Debug|x86.ActiveCfg = Debug|Any CPU
		{0AC44EE0-4AD0-4B1A-93B7-02DBFE77E95C}.Debug|x86.Build.0 = Debug|Any CPU
		{0AC44EE0-4AD0-4B1A-93B7-02DBFE77E95C}.Release|Any CPU.ActiveCfg = Release|Any CPU
		{0AC44EE0-4AD0-4B1A-93B7-02DBFE77E95C}.Release|Any CPU.Build.0 = Release|Any CPU
		{0AC44EE0-4AD0-4B1A-93B7-02DBFE77E95C}.Release|x64.ActiveCfg = Release|Any CPU
		{0AC44EE0-4AD0-4B1A-93B7-02DBFE77E95C}.Release|x64.Build.0 = Release|Any CPU
		{0AC44EE0-4AD0-4B1A-93B7-02DBFE77E95C}.Release|x86.ActiveCfg = Release|Any CPU
		{0AC44EE0-4AD0-4B1A-93B7-02DBFE77E95C}.Release|x86.Build.0 = Release|Any CPU
	EndGlobalSection
	GlobalSection(SolutionProperties) = preSolution
		HideSolutionNode = FALSE
	EndGlobalSection
	GlobalSection(NestedProjects) = preSolution
		{16F6EFF1-F06C-4A03-BEB9-918753E6BA72} = {827E0CD3-B72D-47B6-A68D-7590B98EB39B}
		{597CC454-F68F-4BBA-99D7-D74C0E9C0897} = {0AB3BF05-4346-4AA6-1389-037BE0695223}
		{4F5333C5-9FC8-44DA-BDD2-087095F952D7} = {827E0CD3-B72D-47B6-A68D-7590B98EB39B}
		{8179667B-35C6-4625-BA15-15110E1347E3} = {0AB3BF05-4346-4AA6-1389-037BE0695223}
		{888F0CBD-5580-47D3-BBD7-4982DCBD7B42} = {827E0CD3-B72D-47B6-A68D-7590B98EB39B}
		{4F42DDEA-6DBF-4206-B457-922787594864} = {827E0CD3-B72D-47B6-A68D-7590B98EB39B}
		{0AC44EE0-4AD0-4B1A-93B7-02DBFE77E95C} = {827E0CD3-B72D-47B6-A68D-7590B98EB39B}
	EndGlobalSection
EndGlobal
